
Microsoft Visual Studio Solution File, Format Version 12.00
Project("{FAE04EC0-301F-11D3-BF4B-00C04F79EFBC}") = "Order.API", "Order.API\Order.API.csproj", "{855B4579-6B5A-40AC-8C7C-1D29A7D39016}"
EndProject
Project("{FAE04EC0-301F-11D3-BF4B-00C04F79EFBC}") = "Stock.API", "Stock.API\Stock.API.csproj", "{4FA76655-B74D-47CB-A1C3-628DC464A1FE}"
EndProject
Project("{FAE04EC0-301F-11D3-BF4B-00C04F79EFBC}") = "Shared", "Shared\Shared.csproj", "{884EC25A-B4F2-4D0D-B7AF-D2ADF430217B}"
EndProject
Project("{2150E333-8FDC-42A3-9474-1A3956D46DE8}") = "Solution Items", "Solution Items", "{3D33CF4D-F644-45C3-BE60-B819F49AAE0D}"
	ProjectSection(SolutionItems) = preProject
		compose.yaml = compose.yaml
	EndProjectSection
EndProject
Project("{FAE04EC0-301F-11D3-BF4B-00C04F79EFBC}") = "Payment.API", "Payment.API\Payment.API.csproj", "{9107A33E-A1EF-43BA-8569-C79E8A343537}"
EndProject
Project("{FAE04EC0-301F-11D3-BF4B-00C04F79EFBC}") = "ServiceStatus", "ServiceStatus\ServiceStatus.csproj", "{08A9F857-FC78-40A3-8C34-F7277E90C867}"
EndProject
Project("{FAE04EC0-301F-11D3-BF4B-00C04F79EFBC}") = "API.Gateway", "API.Gateway\API.Gateway.csproj", "{FA8F04EE-19C0-4D66-80E2-E643138818A9}"
EndProject
Project("{FAE04EC0-301F-11D3-BF4B-00C04F79EFBC}") = "API.Gateway.YARP", "API.Gateway.YARP\API.Gateway.YARP.csproj", "{8DD3B56A-D646-4955-9EE1-B2566941355A}"
EndProject
Global
	GlobalSection(SolutionConfigurationPlatforms) = preSolution
		Debug|Any CPU = Debug|Any CPU
		Release|Any CPU = Release|Any CPU
	EndGlobalSection
	GlobalSection(ProjectConfigurationPlatforms) = postSolution
		{855B4579-6B5A-40AC-8C7C-1D29A7D39016}.Debug|Any CPU.ActiveCfg = Debug|Any CPU
		{855B4579-6B5A-40AC-8C7C-1D29A7D39016}.Debug|Any CPU.Build.0 = Debug|Any CPU
		{855B4579-6B5A-40AC-8C7C-1D29A7D39016}.Release|Any CPU.ActiveCfg = Release|Any CPU
		{855B4579-6B5A-40AC-8C7C-1D29A7D39016}.Release|Any CPU.Build.0 = Release|Any CPU
		{4FA76655-B74D-47CB-A1C3-628DC464A1FE}.Debug|Any CPU.ActiveCfg = Debug|Any CPU
		{4FA76655-B74D-47CB-A1C3-628DC464A1FE}.Debug|Any CPU.Build.0 = Debug|Any CPU
		{4FA76655-B74D-47CB-A1C3-628DC464A1FE}.Release|Any CPU.ActiveCfg = Release|Any CPU
		{4FA76655-B74D-47CB-A1C3-628DC464A1FE}.Release|Any CPU.Build.0 = Release|Any CPU
		{884EC25A-B4F2-4D0D-B7AF-D2ADF430217B}.Debug|Any CPU.ActiveCfg = Debug|Any CPU
		{884EC25A-B4F2-4D0D-B7AF-D2ADF430217B}.Debug|Any CPU.Build.0 = Debug|Any CPU
		{884EC25A-B4F2-4D0D-B7AF-D2ADF430217B}.Release|Any CPU.ActiveCfg = Release|Any CPU
		{884EC25A-B4F2-4D0D-B7AF-D2ADF430217B}.Release|Any CPU.Build.0 = Release|Any CPU
		{9107A33E-A1EF-43BA-8569-C79E8A343537}.Debug|Any CPU.ActiveCfg = Debug|Any CPU
		{9107A33E-A1EF-43BA-8569-C79E8A343537}.Debug|Any CPU.Build.0 = Debug|Any CPU
		{9107A33E-A1EF-43BA-8569-C79E8A343537}.Release|Any CPU.ActiveCfg = Release|Any CPU
		{9107A33E-A1EF-43BA-8569-C79E8A343537}.Release|Any CPU.Build.0 = Release|Any CPU
		{08A9F857-FC78-40A3-8C34-F7277E90C867}.Debug|Any CPU.ActiveCfg = Debug|Any CPU
		{08A9F857-FC78-40A3-8C34-F7277E90C867}.Debug|Any CPU.Build.0 = Debug|Any CPU
		{08A9F857-FC78-40A3-8C34-F7277E90C867}.Release|Any CPU.ActiveCfg = Release|Any CPU
		{08A9F857-FC78-40A3-8C34-F7277E90C867}.Release|Any CPU.Build.0 = Release|Any CPU
		{FA8F04EE-19C0-4D66-80E2-E643138818A9}.Debug|Any CPU.ActiveCfg = Debug|Any CPU
		{FA8F04EE-19C0-4D66-80E2-E643138818A9}.Debug|Any CPU.Build.0 = Debug|Any CPU
		{FA8F04EE-19C0-4D66-80E2-E643138818A9}.Release|Any CPU.ActiveCfg = Release|Any CPU
		{FA8F04EE-19C0-4D66-80E2-E643138818A9}.Release|Any CPU.Build.0 = Release|Any CPU
		{8DD3B56A-D646-4955-9EE1-B2566941355A}.Debug|Any CPU.ActiveCfg = Debug|Any CPU
		{8DD3B56A-D646-4955-9EE1-B2566941355A}.Debug|Any CPU.Build.0 = Debug|Any CPU
		{8DD3B56A-D646-4955-9EE1-B2566941355A}.Release|Any CPU.ActiveCfg = Release|Any CPU
		{8DD3B56A-D646-4955-9EE1-B2566941355A}.Release|Any CPU.Build.0 = Release|Any CPU
	EndGlobalSection
EndGlobal
